// !$*UTF8*$!
{
	archiveVersion = 1;
	classes = {
	};
	objectVersion = 50;
	objects = {

/* Begin PBXBuildFile section */
		3A500C2B2356F2B300AB5F04 /* AppDelegate.swift in Sources */ = {isa = PBXBuildFile; fileRef = 3A500C2A2356F2B300AB5F04 /* AppDelegate.swift */; };
		3A500C2D2356F2B300AB5F04 /* ViewController.swift in Sources */ = {isa = PBXBuildFile; fileRef = 3A500C2C2356F2B300AB5F04 /* ViewController.swift */; };
		3A500C302356F2B300AB5F04 /* Main.storyboard in Resources */ = {isa = PBXBuildFile; fileRef = 3A500C2E2356F2B300AB5F04 /* Main.storyboard */; };
		3A500C322356F2B400AB5F04 /* Assets.xcassets in Resources */ = {isa = PBXBuildFile; fileRef = 3A500C312356F2B400AB5F04 /* Assets.xcassets */; };
		3A500C352356F2B400AB5F04 /* LaunchScreen.storyboard in Resources */ = {isa = PBXBuildFile; fileRef = 3A500C332356F2B400AB5F04 /* LaunchScreen.storyboard */; };
		B01E3E369FE36114E6CD31CF /* Pods_ToastQueueExample.framework in Frameworks */ = {isa = PBXBuildFile; fileRef = D43272CBF5BCBAA7C524D882 /* Pods_ToastQueueExample.framework */; };
/* End PBXBuildFile section */

/* Begin PBXFileReference section */
		3A500C272356F2B300AB5F04 /* ToastQueueExample.app */ = {isa = PBXFileReference; explicitFileType = wrapper.application; includeInIndex = 0; path = ToastQueueExample.app; sourceTree = BUILT_PRODUCTS_DIR; };
		3A500C2A2356F2B300AB5F04 /* AppDelegate.swift */ = {isa = PBXFileReference; lastKnownFileType = sourcecode.swift; path = AppDelegate.swift; sourceTree = "<group>"; };
		3A500C2C2356F2B300AB5F04 /* ViewController.swift */ = {isa = PBXFileReference; lastKnownFileType = sourcecode.swift; path = ViewController.swift; sourceTree = "<group>"; };
		3A500C2F2356F2B300AB5F04 /* Base */ = {isa = PBXFileReference; lastKnownFileType = file.storyboard; name = Base; path = Base.lproj/Main.storyboard; sourceTree = "<group>"; };
		3A500C312356F2B400AB5F04 /* Assets.xcassets */ = {isa = PBXFileReference; lastKnownFileType = folder.assetcatalog; path = Assets.xcassets; sourceTree = "<group>"; };
		3A500C342356F2B400AB5F04 /* Base */ = {isa = PBXFileReference; lastKnownFileType = file.storyboard; name = Base; path = Base.lproj/LaunchScreen.storyboard; sourceTree = "<group>"; };
		3A500C362356F2B400AB5F04 /* Info.plist */ = {isa = PBXFileReference; lastKnownFileType = text.plist.xml; path = Info.plist; sourceTree = "<group>"; };
		7FC6BCB0EB6BD5E9BF0F4988 /* Pods-ToastQueueExample.debug.xcconfig */ = {isa = PBXFileReference; includeInIndex = 1; lastKnownFileType = text.xcconfig; name = "Pods-ToastQueueExample.debug.xcconfig"; path = "Pods/Target Support Files/Pods-ToastQueueExample/Pods-ToastQueueExample.debug.xcconfig"; sourceTree = "<group>"; };
		80DC02D1DA7310BD814F36B4 /* Pods-ToastQueueExample.release.xcconfig */ = {isa = PBXFileReference; includeInIndex = 1; lastKnownFileType = text.xcconfig; name = "Pods-ToastQueueExample.release.xcconfig"; path = "Pods/Target Support Files/Pods-ToastQueueExample/Pods-ToastQueueExample.release.xcconfig"; sourceTree = "<group>"; };
		D43272CBF5BCBAA7C524D882 /* Pods_ToastQueueExample.framework */ = {isa = PBXFileReference; explicitFileType = wrapper.framework; includeInIndex = 0; path = Pods_ToastQueueExample.framework; sourceTree = BUILT_PRODUCTS_DIR; };
/* End PBXFileReference section */

/* Begin PBXFrameworksBuildPhase section */
		3A500C242356F2B300AB5F04 /* Frameworks */ = {
			isa = PBXFrameworksBuildPhase;
			buildActionMask = 2147483647;
			files = (
				B01E3E369FE36114E6CD31CF /* Pods_ToastQueueExample.framework in Frameworks */,
			);
			runOnlyForDeploymentPostprocessing = 0;
		};
/* End PBXFrameworksBuildPhase section */

/* Begin PBXGroup section */
		3A500C1E2356F2B300AB5F04 = {
			isa = PBXGroup;
			children = (
				3A500C292356F2B300AB5F04 /* ToastQueueExample */,
				3A500C282356F2B300AB5F04 /* Products */,
				96B25A75AD8D61D1EC5CEB8E /* Pods */,
				EECB8A763851E7C25B7F1C58 /* Frameworks */,
			);
			sourceTree = "<group>";
		};
		3A500C282356F2B300AB5F04 /* Products */ = {
			isa = PBXGroup;
			children = (
				3A500C272356F2B300AB5F04 /* ToastQueueExample.app */,
			);
			name = Products;
			sourceTree = "<group>";
		};
		3A500C292356F2B300AB5F04 /* ToastQueueExample */ = {
			isa = PBXGroup;
			children = (
				3A500C2A2356F2B300AB5F04 /* AppDelegate.swift */,
				3A500C2C2356F2B300AB5F04 /* ViewController.swift */,
				3A500C2E2356F2B300AB5F04 /* Main.storyboard */,
				3A500C312356F2B400AB5F04 /* Assets.xcassets */,
				3A500C332356F2B400AB5F04 /* LaunchScreen.storyboard */,
				3A500C362356F2B400AB5F04 /* Info.plist */,
			);
			path = ToastQueueExample;
			sourceTree = "<group>";
		};
		96B25A75AD8D61D1EC5CEB8E /* Pods */ = {
			isa = PBXGroup;
			children = (
				7FC6BCB0EB6BD5E9BF0F4988 /* Pods-ToastQueueExample.debug.xcconfig */,
				80DC02D1DA7310BD814F36B4 /* Pods-ToastQueueExample.release.xcconfig */,
			);
			name = Pods;
			sourceTree = "<group>";
		};
		EECB8A763851E7C25B7F1C58 /* Frameworks */ = {
			isa = PBXGroup;
			children = (
				D43272CBF5BCBAA7C524D882 /* Pods_ToastQueueExample.framework */,
			);
			name = Frameworks;
			sourceTree = "<group>";
		};
/* End PBXGroup section */

/* Begin PBXNativeTarget section */
		3A500C262356F2B300AB5F04 /* ToastQueueExample */ = {
			isa = PBXNativeTarget;
			buildConfigurationList = 3A500C392356F2B400AB5F04 /* Build configuration list for PBXNativeTarget "ToastQueueExample" */;
			buildPhases = (
				E8CE5AD5BAB3E4761B719363 /* [CP] Check Pods Manifest.lock */,
				3A500C232356F2B300AB5F04 /* Sources */,
				3A500C242356F2B300AB5F04 /* Frameworks */,
				3A500C252356F2B300AB5F04 /* Resources */,
				BD93DF2E1C9F5064944DCA69 /* [CP] Embed Pods Frameworks */,
			);
			buildRules = (
			);
			dependencies = (
			);
			name = ToastQueueExample;
			productName = ToastQueueExample;
			productReference = 3A500C272356F2B300AB5F04 /* ToastQueueExample.app */;
			productType = "com.apple.product-type.application";
		};
/* End PBXNativeTarget section */

/* Begin PBXProject section */
		3A500C1F2356F2B300AB5F04 /* Project object */ = {
			isa = PBXProject;
			attributes = {
				LastSwiftUpdateCheck = 1020;
				LastUpgradeCheck = 1020;
				ORGANIZATIONNAME = byo;
				TargetAttributes = {
					3A500C262356F2B300AB5F04 = {
						CreatedOnToolsVersion = 10.2.1;
					};
				};
			};
			buildConfigurationList = 3A500C222356F2B300AB5F04 /* Build configuration list for PBXProject "ToastQueueExample" */;
			compatibilityVersion = "Xcode 9.3";
			developmentRegion = en;
			hasScannedForEncodings = 0;
			knownRegions = (
				en,
				Base,
			);
			mainGroup = 3A500C1E2356F2B300AB5F04;
			productRefGroup = 3A500C282356F2B300AB5F04 /* Products */;
			projectDirPath = "";
			projectRoot = "";
			targets = (
				3A500C262356F2B300AB5F04 /* ToastQueueExample */,
			);
		};
/* End PBXProject section */

/* Begin PBXResourcesBuildPhase section */
		3A500C252356F2B300AB5F04 /* Resources */ = {
			isa = PBXResourcesBuildPhase;
			buildActionMask = 2147483647;
			files = (
				3A500C352356F2B400AB5F04 /* LaunchScreen.storyboard in Resources */,
				3A500C322356F2B400AB5F04 /* Assets.xcassets in Resources */,
				3A500C302356F2B300AB5F04 /* Main.storyboard in Resources */,
			);
			runOnlyForDeploymentPostprocessing = 0;
		};
/* End PBXResourcesBuildPhase section */

/* Begin PBXShellScriptBuildPhase section */
		BD93DF2E1C9F5064944DCA69 /* [CP] Embed Pods Frameworks */ = {
			isa = PBXShellScriptBuildPhase;
			buildActionMask = 2147483647;
			files = (
			);
			inputFileListPaths = (
			);
			inputPaths = (
				"${SRCROOT}/Pods/Target Support Files/Pods-ToastQueueExample/Pods-ToastQueueExample-frameworks.sh",
				"${BUILT_PRODUCTS_DIR}/RxSwift/RxSwift.framework",
				"${BUILT_PRODUCTS_DIR}/SnapKit/SnapKit.framework",
				"${BUILT_PRODUCTS_DIR}/SwiftyAttributes/SwiftyAttributes.framework",
				"${BUILT_PRODUCTS_DIR}/Then/Then.framework",
				"${BUILT_PRODUCTS_DIR}/ToastQueue/ToastQueue.framework",
			);
			name = "[CP] Embed Pods Frameworks";
			outputFileListPaths = (
			);
			outputPaths = (
				"${TARGET_BUILD_DIR}/${FRAMEWORKS_FOLDER_PATH}/RxSwift.framework",
				"${TARGET_BUILD_DIR}/${FRAMEWORKS_FOLDER_PATH}/SnapKit.framework",
				"${TARGET_BUILD_DIR}/${FRAMEWORKS_FOLDER_PATH}/SwiftyAttributes.framework",
				"${TARGET_BUILD_DIR}/${FRAMEWORKS_FOLDER_PATH}/Then.framework",
				"${TARGET_BUILD_DIR}/${FRAMEWORKS_FOLDER_PATH}/ToastQueue.framework",
			);
			runOnlyForDeploymentPostprocessing = 0;
			shellPath = /bin/sh;
			shellScript = "\"${SRCROOT}/Pods/Target Support Files/Pods-ToastQueueExample/Pods-ToastQueueExample-frameworks.sh\"\n";
			showEnvVarsInLog = 0;
		};
		E8CE5AD5BAB3E4761B719363 /* [CP] Check Pods Manifest.lock */ = {
			isa = PBXShellScriptBuildPhase;
			buildActionMask = 2147483647;
			files = (
			);
			inputFileListPaths = (
			);
			inputPaths = (
				"${PODS_PODFILE_DIR_PATH}/Podfile.lock",
				"${PODS_ROOT}/Manifest.lock",
			);
			name = "[CP] Check Pods Manifest.lock";
			outputFileListPaths = (
			);
			outputPaths = (
				"$(DERIVED_FILE_DIR)/Pods-ToastQueueExample-checkManifestLockResult.txt",
			);
			runOnlyForDeploymentPostprocessing = 0;
			shellPath = /bin/sh;
			shellScript = "diff \"${PODS_PODFILE_DIR_PATH}/Podfile.lock\" \"${PODS_ROOT}/Manifest.lock\" > /dev/null\nif [ $? != 0 ] ; then\n    # print error to STDERR\n    echo \"error: The sandbox is not in sync with the Podfile.lock. Run 'pod install' or update your CocoaPods installation.\" >&2\n    exit 1\nfi\n# This output is used by Xcode 'outputs' to avoid re-running this script phase.\necho \"SUCCESS\" > \"${SCRIPT_OUTPUT_FILE_0}\"\n";
			showEnvVarsInLog = 0;
		};
/* End PBXShellScriptBuildPhase section */

/* Begin PBXSourcesBuildPhase section */
		3A500C232356F2B300AB5F04 /* Sources */ = {
			isa = PBXSourcesBuildPhase;
			buildActionMask = 2147483647;
			files = (
				3A500C2D2356F2B300AB5F04 /* ViewController.swift in Sources */,
				3A500C2B2356F2B300AB5F04 /* AppDelegate.swift in Sources */,
			);
			runOnlyForDeploymentPostprocessing = 0;
		};
/* End PBXSourcesBuildPhase section */

/* Begin PBXVariantGroup section */
		3A500C2E2356F2B300AB5F04 /* Main.storyboard */ = {
			isa = PBXVariantGroup;
			children = (
				3A500C2F2356F2B300AB5F04 /* Base */,
			);
			name = Main.storyboard;
			sourceTree = "<group>";
		};
		3A500C332356F2B400AB5F04 /* LaunchScreen.storyboard */ = {
			isa = PBXVariantGroup;
			children = (
				3A500C342356F2B400AB5F04 /* Base */,
			);
			name = LaunchScreen.storyboard;
			sourceTree = "<group>";
		};
/* End PBXVariantGroup section */

/* Begin XCBuildConfiguration section */
		3A500C372356F2B400AB5F04 /* Debug */ = {
			isa = XCBuildConfiguration;
			buildSettings = {
				ALWAYS_SEARCH_USER_PATHS = NO;
				CLANG_ANALYZER_NONNULL = YES;
				CLANG_ANALYZER_NUMBER_OBJECT_CONVERSION = YES_AGGRESSIVE;
				CLANG_CXX_LANGUAGE_STANDARD = "gnu++14";
				CLANG_CXX_LIBRARY = "libc++";
				CLANG_ENABLE_MODULES = YES;
				CLANG_ENABLE_OBJC_ARC = YES;
				CLANG_ENABLE_OBJC_WEAK = YES;
				CLANG_WARN_BLOCK_CAPTURE_AUTORELEASING = YES;
				CLANG_WARN_BOOL_CONVERSION = YES;
				CLANG_WARN_COMMA = YES;
				CLANG_WARN_CONSTANT_CONVERSION = YES;
				CLANG_WARN_DEPRECATED_OBJC_IMPLEMENTATIONS = YES;
				CLANG_WARN_DIRECT_OBJC_ISA_USAGE = YES_ERROR;
				CLANG_WARN_DOCUMENTATION_COMMENTS = YES;
				CLANG_WARN_EMPTY_BODY = YES;
				CLANG_WARN_ENUM_CONVERSION = YES;
				CLANG_WARN_INFINITE_RECURSION = YES;
				CLANG_WARN_INT_CONVERSION = YES;
				CLANG_WARN_NON_LITERAL_NULL_CONVERSION = YES;
				CLANG_WARN_OBJC_IMPLICIT_RETAIN_SELF = YES;
				CLANG_WARN_OBJC_LITERAL_CONVERSION = YES;
				CLANG_WARN_OBJC_ROOT_CLASS = YES_ERROR;
				CLANG_WARN_RANGE_LOOP_ANALYSIS = YES;
				CLANG_WARN_STRICT_PROTOTYPES = YES;
				CLANG_WARN_SUSPICIOUS_MOVE = YES;
				CLANG_WARN_UNGUARDED_AVAILABILITY = YES_AGGRESSIVE;
				CLANG_WARN_UNREACHABLE_CODE = YES;
				CLANG_WARN__DUPLICATE_METHOD_MATCH = YES;
				CODE_SIGN_IDENTITY = "iPhone Developer";
				COPY_PHASE_STRIP = NO;
				DEBUG_INFORMATION_FORMAT = dwarf;
				ENABLE_STRICT_OBJC_MSGSEND = YES;
				ENABLE_TESTABILITY = YES;
				GCC_C_LANGUAGE_STANDARD = gnu11;
				GCC_DYNAMIC_NO_PIC = NO;
				GCC_NO_COMMON_BLOCKS = YES;
				GCC_OPTIMIZATION_LEVEL = 0;
				GCC_PREPROCESSOR_DEFINITIONS = (
					"DEBUG=1",
					"$(inherited)",
				);
				GCC_WARN_64_TO_32_BIT_CONVERSION = YES;
				GCC_WARN_ABOUT_RETURN_TYPE = YES_ERROR;
				GCC_WARN_UNDECLARED_SELECTOR = YES;
				GCC_WARN_UNINITIALIZED_AUTOS = YES_AGGRESSIVE;
				GCC_WARN_UNUSED_FUNCTION = YES;
				GCC_WARN_UNUSED_VARIABLE = YES;
				IPHONEOS_DEPLOYMENT_TARGET = 12.2;
				MTL_ENABLE_DEBUG_INFO = INCLUDE_SOURCE;
				MTL_FAST_MATH = YES;
				ONLY_ACTIVE_ARCH = YES;
				SDKROOT = iphoneos;
				SWIFT_ACTIVE_COMPILATION_CONDITIONS = DEBUG;
				SWIFT_OPTIMIZATION_LEVEL = "-Onone";
			};
			name = Debug;
		};
		3A500C382356F2B400AB5F04 /* Release */ = {
			isa = XCBuildConfiguration;
			buildSettings = {
				ALWAYS_SEARCH_USER_PATHS = NO;
				CLANG_ANALYZER_NONNULL = YES;
				CLANG_ANALYZER_NUMBER_OBJECT_CONVERSION = YES_AGGRESSIVE;
				CLANG_CXX_LANGUAGE_STANDARD = "gnu++14";
				CLANG_CXX_LIBRARY = "libc++";
				CLANG_ENABLE_MODULES = YES;
				CLANG_ENABLE_OBJC_ARC = YES;
				CLANG_ENABLE_OBJC_WEAK = YES;
				CLANG_WARN_BLOCK_CAPTURE_AUTORELEASING = YES;
				CLANG_WARN_BOOL_CONVERSION = YES;
				CLANG_WARN_COMMA = YES;
				CLANG_WARN_CONSTANT_CONVERSION = YES;
				CLANG_WARN_DEPRECATED_OBJC_IMPLEMENTATIONS = YES;
				CLANG_WARN_DIRECT_OBJC_ISA_USAGE = YES_ERROR;
				CLANG_WARN_DOCUMENTATION_COMMENTS = YES;
				CLANG_WARN_EMPTY_BODY = YES;
				CLANG_WARN_ENUM_CONVERSION = YES;
				CLANG_WARN_INFINITE_RECURSION = YES;
				CLANG_WARN_INT_CONVERSION = YES;
				CLANG_WARN_NON_LITERAL_NULL_CONVERSION = YES;
				CLANG_WARN_OBJC_IMPLICIT_RETAIN_SELF = YES;
				CLANG_WARN_OBJC_LITERAL_CONVERSION = YES;
				CLANG_WARN_OBJC_ROOT_CLASS = YES_ERROR;
				CLANG_WARN_RANGE_LOOP_ANALYSIS = YES;
				CLANG_WARN_STRICT_PROTOTYPES = YES;
				CLANG_WARN_SUSPICIOUS_MOVE = YES;
				CLANG_WARN_UNGUARDED_AVAILABILITY = YES_AGGRESSIVE;
				CLANG_WARN_UNREACHABLE_CODE = YES;
				CLANG_WARN__DUPLICATE_METHOD_MATCH = YES;
				CODE_SIGN_IDENTITY = "iPhone Developer";
				COPY_PHASE_STRIP = NO;
				DEBUG_INFORMATION_FORMAT = "dwarf-with-dsym";
				ENABLE_NS_ASSERTIONS = NO;
				ENABLE_STRICT_OBJC_MSGSEND = YES;
				GCC_C_LANGUAGE_STANDARD = gnu11;
				GCC_NO_COMMON_BLOCKS = YES;
				GCC_WARN_64_TO_32_BIT_CONVERSION = YES;
				GCC_WARN_ABOUT_RETURN_TYPE = YES_ERROR;
				GCC_WARN_UNDECLARED_SELECTOR = YES;
				GCC_WARN_UNINITIALIZED_AUTOS = YES_AGGRESSIVE;
				GCC_WARN_UNUSED_FUNCTION = YES;
				GCC_WARN_UNUSED_VARIABLE = YES;
				IPHONEOS_DEPLOYMENT_TARGET = 12.2;
				MTL_ENABLE_DEBUG_INFO = NO;
				MTL_FAST_MATH = YES;
				SDKROOT = iphoneos;
				SWIFT_COMPILATION_MODE = wholemodule;
				SWIFT_OPTIMIZATION_LEVEL = "-O";
				VALIDATE_PRODUCT = YES;
			};
			name = Release;
		};
		3A500C3A2356F2B400AB5F04 /* Debug */ = {
			isa = XCBuildConfiguration;
			baseConfigurationReference = 7FC6BCB0EB6BD5E9BF0F4988 /* Pods-ToastQueueExample.debug.xcconfig */;
			buildSettings = {
				ASSETCATALOG_COMPILER_APPICON_NAME = AppIcon;
				CODE_SIGN_STYLE = Automatic;
				DEVELOPMENT_TEAM = ZLQVH78B5Q;
				INFOPLIST_FILE = ToastQueueExample/Info.plist;
				IPHONEOS_DEPLOYMENT_TARGET = 9.0;
				LD_RUNPATH_SEARCH_PATHS = (
					"$(inherited)",
					"@executable_path/Frameworks",
				);
				PRODUCT_BUNDLE_IDENTIFIER = byo.ToastQueueExample;
				PRODUCT_NAME = "$(TARGET_NAME)";
				SWIFT_VERSION = 5.0;
				TARGETED_DEVICE_FAMILY = "1,2";
			};
			name = Debug;
		};
		3A500C3B2356F2B400AB5F04 /* Release */ = {
			isa = XCBuildConfiguration;
			baseConfigurationReference = 80DC02D1DA7310BD814F36B4 /* Pods-ToastQueueExample.release.xcconfig */;
			buildSettings = {
				ASSETCATALOG_COMPILER_APPICON_NAME = AppIcon;
				CODE_SIGN_STYLE = Automatic;
				DEVELOPMENT_TEAM = ZLQVH78B5Q;
				INFOPLIST_FILE = ToastQueueExample/Info.plist;
				IPHONEOS_DEPLOYMENT_TARGET = 9.0;
				LD_RUNPATH_SEARCH_PATHS = (
					"$(inherited)",
					"@executable_path/Frameworks",
				);
				PRODUCT_BUNDLE_IDENTIFIER = byo.ToastQueueExample;
				PRODUCT_NAME = "$(TARGET_NAME)";
				SWIFT_VERSION = 5.0;
				TARGETED_DEVICE_FAMILY = "1,2";
			};
			name = Release;
		};
/* End XCBuildConfiguration section */

/* Begin XCConfigurationList section */
		3A500C222356F2B300AB5F04 /* Build configuration list for PBXProject "ToastQueueExample" */ = {
			isa = XCConfigurationList;
			buildConfigurations = (
				3A500C372356F2B400AB5F04 /* Debug */,
				3A500C382356F2B400AB5F04 /* Release */,
			);
			defaultConfigurationIsVisible = 0;
			defaultConfigurationName = Release;
		};
		3A500C392356F2B400AB5F04 /* Build configuration list for PBXNativeTarget "ToastQueueExample" */ = {
			isa = XCConfigurationList;
			buildConfigurations = (
				3A500C3A2356F2B400AB5F04 /* Debug */,
				3A500C3B2356F2B400AB5F04 /* Release */,
			);
			defaultConfigurationIsVisible = 0;
			defaultConfigurationName = Release;
		};
/* End XCConfigurationList section */
	};
	rootObject = 3A500C1F2356F2B300AB5F04 /* Project object */;
}
