// !$*UTF8*$!
{
	archiveVersion = 1;
	classes = {
	};
	objectVersion = 50;
	objects = {

/* Begin PBXBuildFile section */
		3A500C052356E41600AB5F04 /* ToastQueue.h in Headers */ = {isa = PBXBuildFile; fileRef = 3A500C032356E41600AB5F04 /* ToastQueue.h */; settings = {ATTRIBUTES = (Public, ); }; };
		3A500C0D2356E50D00AB5F04 /* ToastManager.swift in Sources */ = {isa = PBXBuildFile; fileRef = 3A500C0C2356E50D00AB5F04 /* ToastManager.swift */; };
		3A500C0F2356E53200AB5F04 /* ToastContainerView.swift in Sources */ = {isa = PBXBuildFile; fileRef = 3A500C0E2356E53200AB5F04 /* ToastContainerView.swift */; };
		3A500C112356E53F00AB5F04 /* ToastMessageView.swift in Sources */ = {isa = PBXBuildFile; fileRef = 3A500C102356E53F00AB5F04 /* ToastMessageView.swift */; };
		3A500C142356E85E00AB5F04 /* ToastContainerView.xib in Resources */ = {isa = PBXBuildFile; fileRef = 3A500C132356E85E00AB5F04 /* ToastContainerView.xib */; };
		3A500C162356E87000AB5F04 /* ToastMessageView.xib in Resources */ = {isa = PBXBuildFile; fileRef = 3A500C152356E87000AB5F04 /* ToastMessageView.xib */; };
		3A500C1B2356EAA000AB5F04 /* BaseView.swift in Sources */ = {isa = PBXBuildFile; fileRef = 3A500C1A2356EAA000AB5F04 /* BaseView.swift */; };
		3A500C1D2356EEB100AB5F04 /* NSObject+Extension.swift in Sources */ = {isa = PBXBuildFile; fileRef = 3A500C1C2356EEB100AB5F04 /* NSObject+Extension.swift */; };
		3A500C3D2356FBDA00AB5F04 /* UIWindow+Extension.swift in Sources */ = {isa = PBXBuildFile; fileRef = 3A500C3C2356FBDA00AB5F04 /* UIWindow+Extension.swift */; };
		3A500C412357197B00AB5F04 /* ToastMessageModel.swift in Sources */ = {isa = PBXBuildFile; fileRef = 3A500C402357197B00AB5F04 /* ToastMessageModel.swift */; };
		5809E1D038872844DECDA858 /* Pods_ToastQueue.framework in Frameworks */ = {isa = PBXBuildFile; fileRef = 66B1A916007C954921B768F8 /* Pods_ToastQueue.framework */; };
/* End PBXBuildFile section */

/* Begin PBXFileReference section */
		3A500C002356E41600AB5F04 /* ToastQueue.framework */ = {isa = PBXFileReference; explicitFileType = wrapper.framework; includeInIndex = 0; path = ToastQueue.framework; sourceTree = BUILT_PRODUCTS_DIR; };
		3A500C032356E41600AB5F04 /* ToastQueue.h */ = {isa = PBXFileReference; lastKnownFileType = sourcecode.c.h; path = ToastQueue.h; sourceTree = "<group>"; };
		3A500C042356E41600AB5F04 /* Info.plist */ = {isa = PBXFileReference; lastKnownFileType = text.plist.xml; path = Info.plist; sourceTree = "<group>"; };
		3A500C0C2356E50D00AB5F04 /* ToastManager.swift */ = {isa = PBXFileReference; lastKnownFileType = sourcecode.swift; path = ToastManager.swift; sourceTree = "<group>"; };
		3A500C0E2356E53200AB5F04 /* ToastContainerView.swift */ = {isa = PBXFileReference; lastKnownFileType = sourcecode.swift; path = ToastContainerView.swift; sourceTree = "<group>"; };
		3A500C102356E53F00AB5F04 /* ToastMessageView.swift */ = {isa = PBXFileReference; lastKnownFileType = sourcecode.swift; path = ToastMessageView.swift; sourceTree = "<group>"; };
		3A500C132356E85E00AB5F04 /* ToastContainerView.xib */ = {isa = PBXFileReference; lastKnownFileType = file.xib; path = ToastContainerView.xib; sourceTree = "<group>"; };
		3A500C152356E87000AB5F04 /* ToastMessageView.xib */ = {isa = PBXFileReference; lastKnownFileType = file.xib; path = ToastMessageView.xib; sourceTree = "<group>"; };
		3A500C1A2356EAA000AB5F04 /* BaseView.swift */ = {isa = PBXFileReference; lastKnownFileType = sourcecode.swift; path = BaseView.swift; sourceTree = "<group>"; };
		3A500C1C2356EEB100AB5F04 /* NSObject+Extension.swift */ = {isa = PBXFileReference; lastKnownFileType = sourcecode.swift; path = "NSObject+Extension.swift"; sourceTree = "<group>"; };
		3A500C3C2356FBDA00AB5F04 /* UIWindow+Extension.swift */ = {isa = PBXFileReference; lastKnownFileType = sourcecode.swift; path = "UIWindow+Extension.swift"; sourceTree = "<group>"; };
		3A500C402357197B00AB5F04 /* ToastMessageModel.swift */ = {isa = PBXFileReference; lastKnownFileType = sourcecode.swift; path = ToastMessageModel.swift; sourceTree = "<group>"; };
		66B1A916007C954921B768F8 /* Pods_ToastQueue.framework */ = {isa = PBXFileReference; explicitFileType = wrapper.framework; includeInIndex = 0; path = Pods_ToastQueue.framework; sourceTree = BUILT_PRODUCTS_DIR; };
		B9B219026548610E25264B6C /* Pods-ToastQueue.debug.xcconfig */ = {isa = PBXFileReference; includeInIndex = 1; lastKnownFileType = text.xcconfig; name = "Pods-ToastQueue.debug.xcconfig"; path = "Pods/Target Support Files/Pods-ToastQueue/Pods-ToastQueue.debug.xcconfig"; sourceTree = "<group>"; };
		F7210C1D4F1F7C334865AD5E /* Pods-ToastQueue.release.xcconfig */ = {isa = PBXFileReference; includeInIndex = 1; lastKnownFileType = text.xcconfig; name = "Pods-ToastQueue.release.xcconfig"; path = "Pods/Target Support Files/Pods-ToastQueue/Pods-ToastQueue.release.xcconfig"; sourceTree = "<group>"; };
/* End PBXFileReference section */

/* Begin PBXFrameworksBuildPhase section */
		3A500BFD2356E41600AB5F04 /* Frameworks */ = {
			isa = PBXFrameworksBuildPhase;
			buildActionMask = 2147483647;
			files = (
				5809E1D038872844DECDA858 /* Pods_ToastQueue.framework in Frameworks */,
			);
			runOnlyForDeploymentPostprocessing = 0;
		};
/* End PBXFrameworksBuildPhase section */

/* Begin PBXGroup section */
		0FC875EADCDFBC0DA7507FC3 /* Pods */ = {
			isa = PBXGroup;
			children = (
				B9B219026548610E25264B6C /* Pods-ToastQueue.debug.xcconfig */,
				F7210C1D4F1F7C334865AD5E /* Pods-ToastQueue.release.xcconfig */,
			);
			name = Pods;
			sourceTree = "<group>";
		};
		3A500BF62356E41600AB5F04 = {
			isa = PBXGroup;
			children = (
				3A500C022356E41600AB5F04 /* ToastQueue */,
				3A500C012356E41600AB5F04 /* Products */,
				0FC875EADCDFBC0DA7507FC3 /* Pods */,
				A8CF8FE7881124EE58129CA8 /* Frameworks */,
			);
			sourceTree = "<group>";
		};
		3A500C012356E41600AB5F04 /* Products */ = {
			isa = PBXGroup;
			children = (
				3A500C002356E41600AB5F04 /* ToastQueue.framework */,
			);
			name = Products;
			sourceTree = "<group>";
		};
		3A500C022356E41600AB5F04 /* ToastQueue */ = {
			isa = PBXGroup;
			children = (
				3A500C0B2356E42600AB5F04 /* Source */,
				3A500C032356E41600AB5F04 /* ToastQueue.h */,
				3A500C042356E41600AB5F04 /* Info.plist */,
			);
			path = ToastQueue;
			sourceTree = "<group>";
		};
		3A500C0B2356E42600AB5F04 /* Source */ = {
			isa = PBXGroup;
			children = (
				3A500C172356EA7800AB5F04 /* Common */,
				3A500C3F2357196000AB5F04 /* Model */,
				3A500C122356E84E00AB5F04 /* View */,
				3A500C0C2356E50D00AB5F04 /* ToastManager.swift */,
			);
			path = Source;
			sourceTree = "<group>";
		};
		3A500C122356E84E00AB5F04 /* View */ = {
			isa = PBXGroup;
			children = (
				3A500C0E2356E53200AB5F04 /* ToastContainerView.swift */,
				3A500C132356E85E00AB5F04 /* ToastContainerView.xib */,
				3A500C102356E53F00AB5F04 /* ToastMessageView.swift */,
				3A500C152356E87000AB5F04 /* ToastMessageView.xib */,
			);
			path = View;
			sourceTree = "<group>";
		};
		3A500C172356EA7800AB5F04 /* Common */ = {
			isa = PBXGroup;
			children = (
				3A500C182356EA8B00AB5F04 /* Base */,
				3A500C192356EA9200AB5F04 /* Extension */,
			);
			path = Common;
			sourceTree = "<group>";
		};
		3A500C182356EA8B00AB5F04 /* Base */ = {
			isa = PBXGroup;
			children = (
				3A500C1A2356EAA000AB5F04 /* BaseView.swift */,
			);
			path = Base;
			sourceTree = "<group>";
		};
		3A500C192356EA9200AB5F04 /* Extension */ = {
			isa = PBXGroup;
			children = (
				3A500C1C2356EEB100AB5F04 /* NSObject+Extension.swift */,
				3A500C3C2356FBDA00AB5F04 /* UIWindow+Extension.swift */,
			);
			path = Extension;
			sourceTree = "<group>";
		};
		3A500C3F2357196000AB5F04 /* Model */ = {
			isa = PBXGroup;
			children = (
				3A500C402357197B00AB5F04 /* ToastMessageModel.swift */,
			);
			path = Model;
			sourceTree = "<group>";
		};
		A8CF8FE7881124EE58129CA8 /* Frameworks */ = {
			isa = PBXGroup;
			children = (
				66B1A916007C954921B768F8 /* Pods_ToastQueue.framework */,
			);
			name = Frameworks;
			sourceTree = "<group>";
		};
/* End PBXGroup section */

/* Begin PBXHeadersBuildPhase section */
		3A500BFB2356E41600AB5F04 /* Headers */ = {
			isa = PBXHeadersBuildPhase;
			buildActionMask = 2147483647;
			files = (
				3A500C052356E41600AB5F04 /* ToastQueue.h in Headers */,
			);
			runOnlyForDeploymentPostprocessing = 0;
		};
/* End PBXHeadersBuildPhase section */

/* Begin PBXNativeTarget section */
		3A500BFF2356E41600AB5F04 /* ToastQueue */ = {
			isa = PBXNativeTarget;
			buildConfigurationList = 3A500C082356E41600AB5F04 /* Build configuration list for PBXNativeTarget "ToastQueue" */;
			buildPhases = (
				60CD685B0AE8E6D49AB208BB /* [CP] Check Pods Manifest.lock */,
				3A500BFB2356E41600AB5F04 /* Headers */,
				3A500BFC2356E41600AB5F04 /* Sources */,
				3A500BFD2356E41600AB5F04 /* Frameworks */,
				3A500BFE2356E41600AB5F04 /* Resources */,
			);
			buildRules = (
			);
			dependencies = (
			);
			name = ToastQueue;
			productName = ToastQueue;
			productReference = 3A500C002356E41600AB5F04 /* ToastQueue.framework */;
			productType = "com.apple.product-type.framework";
		};
/* End PBXNativeTarget section */

/* Begin PBXProject section */
		3A500BF72356E41600AB5F04 /* Project object */ = {
			isa = PBXProject;
			attributes = {
				LastUpgradeCheck = 1020;
				ORGANIZATIONNAME = byo;
				TargetAttributes = {
					3A500BFF2356E41600AB5F04 = {
						CreatedOnToolsVersion = 10.2.1;
						LastSwiftMigration = 1020;
					};
				};
			};
			buildConfigurationList = 3A500BFA2356E41600AB5F04 /* Build configuration list for PBXProject "ToastQueue" */;
			compatibilityVersion = "Xcode 9.3";
			developmentRegion = en;
			hasScannedForEncodings = 0;
			knownRegions = (
				en,
			);
			mainGroup = 3A500BF62356E41600AB5F04;
			productRefGroup = 3A500C012356E41600AB5F04 /* Products */;
			projectDirPath = "";
			projectRoot = "";
			targets = (
				3A500BFF2356E41600AB5F04 /* ToastQueue */,
			);
		};
/* End PBXProject section */

/* Begin PBXResourcesBuildPhase section */
		3A500BFE2356E41600AB5F04 /* Resources */ = {
			isa = PBXResourcesBuildPhase;
			buildActionMask = 2147483647;
			files = (
				3A500C162356E87000AB5F04 /* ToastMessageView.xib in Resources */,
				3A500C142356E85E00AB5F04 /* ToastContainerView.xib in Resources */,
			);
			runOnlyForDeploymentPostprocessing = 0;
		};
/* End PBXResourcesBuildPhase section */

/* Begin PBXShellScriptBuildPhase section */
		60CD685B0AE8E6D49AB208BB /* [CP] Check Pods Manifest.lock */ = {
			isa = PBXShellScriptBuildPhase;
			buildActionMask = 2147483647;
			files = (
			);
			inputFileListPaths = (
			);
			inputPaths = (
				"${PODS_PODFILE_DIR_PATH}/Podfile.lock",
				"${PODS_ROOT}/Manifest.lock",
			);
			name = "[CP] Check Pods Manifest.lock";
			outputFileListPaths = (
			);
			outputPaths = (
				"$(DERIVED_FILE_DIR)/Pods-ToastQueue-checkManifestLockResult.txt",
			);
			runOnlyForDeploymentPostprocessing = 0;
			shellPath = /bin/sh;
			shellScript = "diff \"${PODS_PODFILE_DIR_PATH}/Podfile.lock\" \"${PODS_ROOT}/Manifest.lock\" > /dev/null\nif [ $? != 0 ] ; then\n    # print error to STDERR\n    echo \"error: The sandbox is not in sync with the Podfile.lock. Run 'pod install' or update your CocoaPods installation.\" >&2\n    exit 1\nfi\n# This output is used by Xcode 'outputs' to avoid re-running this script phase.\necho \"SUCCESS\" > \"${SCRIPT_OUTPUT_FILE_0}\"\n";
			showEnvVarsInLog = 0;
		};
/* End PBXShellScriptBuildPhase section */

/* Begin PBXSourcesBuildPhase section */
		3A500BFC2356E41600AB5F04 /* Sources */ = {
			isa = PBXSourcesBuildPhase;
			buildActionMask = 2147483647;
			files = (
				3A500C1D2356EEB100AB5F04 /* NSObject+Extension.swift in Sources */,
				3A500C112356E53F00AB5F04 /* ToastMessageView.swift in Sources */,
				3A500C0F2356E53200AB5F04 /* ToastContainerView.swift in Sources */,
				3A500C0D2356E50D00AB5F04 /* ToastManager.swift in Sources */,
				3A500C1B2356EAA000AB5F04 /* BaseView.swift in Sources */,
				3A500C3D2356FBDA00AB5F04 /* UIWindow+Extension.swift in Sources */,
				3A500C412357197B00AB5F04 /* ToastMessageModel.swift in Sources */,
			);
			runOnlyForDeploymentPostprocessing = 0;
		};
/* End PBXSourcesBuildPhase section */

/* Begin XCBuildConfiguration section */
		3A500C062356E41600AB5F04 /* Debug */ = {
			isa = XCBuildConfiguration;
			buildSettings = {
				ALWAYS_SEARCH_USER_PATHS = NO;
				CLANG_ANALYZER_NONNULL = YES;
				CLANG_ANALYZER_NUMBER_OBJECT_CONVERSION = YES_AGGRESSIVE;
				CLANG_CXX_LANGUAGE_STANDARD = "gnu++14";
				CLANG_CXX_LIBRARY = "libc++";
				CLANG_ENABLE_MODULES = YES;
				CLANG_ENABLE_OBJC_ARC = YES;
				CLANG_ENABLE_OBJC_WEAK = YES;
				CLANG_WARN_BLOCK_CAPTURE_AUTORELEASING = YES;
				CLANG_WARN_BOOL_CONVERSION = YES;
				CLANG_WARN_COMMA = YES;
				CLANG_WARN_CONSTANT_CONVERSION = YES;
				CLANG_WARN_DEPRECATED_OBJC_IMPLEMENTATIONS = YES;
				CLANG_WARN_DIRECT_OBJC_ISA_USAGE = YES_ERROR;
				CLANG_WARN_DOCUMENTATION_COMMENTS = YES;
				CLANG_WARN_EMPTY_BODY = YES;
				CLANG_WARN_ENUM_CONVERSION = YES;
				CLANG_WARN_INFINITE_RECURSION = YES;
				CLANG_WARN_INT_CONVERSION = YES;
				CLANG_WARN_NON_LITERAL_NULL_CONVERSION = YES;
				CLANG_WARN_OBJC_IMPLICIT_RETAIN_SELF = YES;
				CLANG_WARN_OBJC_LITERAL_CONVERSION = YES;
				CLANG_WARN_OBJC_ROOT_CLASS = YES_ERROR;
				CLANG_WARN_RANGE_LOOP_ANALYSIS = YES;
				CLANG_WARN_STRICT_PROTOTYPES = YES;
				CLANG_WARN_SUSPICIOUS_MOVE = YES;
				CLANG_WARN_UNGUARDED_AVAILABILITY = YES_AGGRESSIVE;
				CLANG_WARN_UNREACHABLE_CODE = YES;
				CLANG_WARN__DUPLICATE_METHOD_MATCH = YES;
				CODE_SIGN_IDENTITY = "iPhone Developer";
				COPY_PHASE_STRIP = NO;
				CURRENT_PROJECT_VERSION = 1;
				DEBUG_INFORMATION_FORMAT = dwarf;
				ENABLE_STRICT_OBJC_MSGSEND = YES;
				ENABLE_TESTABILITY = YES;
				GCC_C_LANGUAGE_STANDARD = gnu11;
				GCC_DYNAMIC_NO_PIC = NO;
				GCC_NO_COMMON_BLOCKS = YES;
				GCC_OPTIMIZATION_LEVEL = 0;
				GCC_PREPROCESSOR_DEFINITIONS = (
					"DEBUG=1",
					"$(inherited)",
				);
				GCC_WARN_64_TO_32_BIT_CONVERSION = YES;
				GCC_WARN_ABOUT_RETURN_TYPE = YES_ERROR;
				GCC_WARN_UNDECLARED_SELECTOR = YES;
				GCC_WARN_UNINITIALIZED_AUTOS = YES_AGGRESSIVE;
				GCC_WARN_UNUSED_FUNCTION = YES;
				GCC_WARN_UNUSED_VARIABLE = YES;
				IPHONEOS_DEPLOYMENT_TARGET = 12.2;
				MTL_ENABLE_DEBUG_INFO = INCLUDE_SOURCE;
				MTL_FAST_MATH = YES;
				ONLY_ACTIVE_ARCH = YES;
				SDKROOT = iphoneos;
				SWIFT_ACTIVE_COMPILATION_CONDITIONS = DEBUG;
				SWIFT_OPTIMIZATION_LEVEL = "-Onone";
				VERSIONING_SYSTEM = "apple-generic";
				VERSION_INFO_PREFIX = "";
			};
			name = Debug;
		};
		3A500C072356E41600AB5F04 /* Release */ = {
			isa = XCBuildConfiguration;
			buildSettings = {
				ALWAYS_SEARCH_USER_PATHS = NO;
				CLANG_ANALYZER_NONNULL = YES;
				CLANG_ANALYZER_NUMBER_OBJECT_CONVERSION = YES_AGGRESSIVE;
				CLANG_CXX_LANGUAGE_STANDARD = "gnu++14";
				CLANG_CXX_LIBRARY = "libc++";
				CLANG_ENABLE_MODULES = YES;
				CLANG_ENABLE_OBJC_ARC = YES;
				CLANG_ENABLE_OBJC_WEAK = YES;
				CLANG_WARN_BLOCK_CAPTURE_AUTORELEASING = YES;
				CLANG_WARN_BOOL_CONVERSION = YES;
				CLANG_WARN_COMMA = YES;
				CLANG_WARN_CONSTANT_CONVERSION = YES;
				CLANG_WARN_DEPRECATED_OBJC_IMPLEMENTATIONS = YES;
				CLANG_WARN_DIRECT_OBJC_ISA_USAGE = YES_ERROR;
				CLANG_WARN_DOCUMENTATION_COMMENTS = YES;
				CLANG_WARN_EMPTY_BODY = YES;
				CLANG_WARN_ENUM_CONVERSION = YES;
				CLANG_WARN_INFINITE_RECURSION = YES;
				CLANG_WARN_INT_CONVERSION = YES;
				CLANG_WARN_NON_LITERAL_NULL_CONVERSION = YES;
				CLANG_WARN_OBJC_IMPLICIT_RETAIN_SELF = YES;
				CLANG_WARN_OBJC_LITERAL_CONVERSION = YES;
				CLANG_WARN_OBJC_ROOT_CLASS = YES_ERROR;
				CLANG_WARN_RANGE_LOOP_ANALYSIS = YES;
				CLANG_WARN_STRICT_PROTOTYPES = YES;
				CLANG_WARN_SUSPICIOUS_MOVE = YES;
				CLANG_WARN_UNGUARDED_AVAILABILITY = YES_AGGRESSIVE;
				CLANG_WARN_UNREACHABLE_CODE = YES;
				CLANG_WARN__DUPLICATE_METHOD_MATCH = YES;
				CODE_SIGN_IDENTITY = "iPhone Developer";
				COPY_PHASE_STRIP = NO;
				CURRENT_PROJECT_VERSION = 1;
				DEBUG_INFORMATION_FORMAT = "dwarf-with-dsym";
				ENABLE_NS_ASSERTIONS = NO;
				ENABLE_STRICT_OBJC_MSGSEND = YES;
				GCC_C_LANGUAGE_STANDARD = gnu11;
				GCC_NO_COMMON_BLOCKS = YES;
				GCC_WARN_64_TO_32_BIT_CONVERSION = YES;
				GCC_WARN_ABOUT_RETURN_TYPE = YES_ERROR;
				GCC_WARN_UNDECLARED_SELECTOR = YES;
				GCC_WARN_UNINITIALIZED_AUTOS = YES_AGGRESSIVE;
				GCC_WARN_UNUSED_FUNCTION = YES;
				GCC_WARN_UNUSED_VARIABLE = YES;
				IPHONEOS_DEPLOYMENT_TARGET = 12.2;
				MTL_ENABLE_DEBUG_INFO = NO;
				MTL_FAST_MATH = YES;
				SDKROOT = iphoneos;
				SWIFT_COMPILATION_MODE = wholemodule;
				SWIFT_OPTIMIZATION_LEVEL = "-O";
				VALIDATE_PRODUCT = YES;
				VERSIONING_SYSTEM = "apple-generic";
				VERSION_INFO_PREFIX = "";
			};
			name = Release;
		};
		3A500C092356E41600AB5F04 /* Debug */ = {
			isa = XCBuildConfiguration;
			baseConfigurationReference = B9B219026548610E25264B6C /* Pods-ToastQueue.debug.xcconfig */;
			buildSettings = {
				CLANG_ENABLE_MODULES = YES;
				CODE_SIGN_IDENTITY = "";
				CODE_SIGN_STYLE = Automatic;
				DEFINES_MODULE = YES;
				DEVELOPMENT_TEAM = ZLQVH78B5Q;
				DYLIB_COMPATIBILITY_VERSION = 1;
				DYLIB_CURRENT_VERSION = 1;
				DYLIB_INSTALL_NAME_BASE = "@rpath";
				INFOPLIST_FILE = ToastQueue/Info.plist;
				INSTALL_PATH = "$(LOCAL_LIBRARY_DIR)/Frameworks";
				IPHONEOS_DEPLOYMENT_TARGET = 9.0;
				LD_RUNPATH_SEARCH_PATHS = (
					"$(inherited)",
					"@executable_path/Frameworks",
					"@loader_path/Frameworks",
				);
				PRODUCT_BUNDLE_IDENTIFIER = byo.ToastQueue;
				PRODUCT_NAME = "$(TARGET_NAME:c99extidentifier)";
				SKIP_INSTALL = YES;
				SWIFT_OPTIMIZATION_LEVEL = "-Onone";
				SWIFT_VERSION = 5.0;
				TARGETED_DEVICE_FAMILY = "1,2";
			};
			name = Debug;
		};
		3A500C0A2356E41600AB5F04 /* Release */ = {
			isa = XCBuildConfiguration;
			baseConfigurationReference = F7210C1D4F1F7C334865AD5E /* Pods-ToastQueue.release.xcconfig */;
			buildSettings = {
				CLANG_ENABLE_MODULES = YES;
				CODE_SIGN_IDENTITY = "";
				CODE_SIGN_STYLE = Automatic;
				DEFINES_MODULE = YES;
				DEVELOPMENT_TEAM = ZLQVH78B5Q;
				DYLIB_COMPATIBILITY_VERSION = 1;
				DYLIB_CURRENT_VERSION = 1;
				DYLIB_INSTALL_NAME_BASE = "@rpath";
				INFOPLIST_FILE = ToastQueue/Info.plist;
				INSTALL_PATH = "$(LOCAL_LIBRARY_DIR)/Frameworks";
				IPHONEOS_DEPLOYMENT_TARGET = 9.0;
				LD_RUNPATH_SEARCH_PATHS = (
					"$(inherited)",
					"@executable_path/Frameworks",
					"@loader_path/Frameworks",
				);
				PRODUCT_BUNDLE_IDENTIFIER = byo.ToastQueue;
				PRODUCT_NAME = "$(TARGET_NAME:c99extidentifier)";
				SKIP_INSTALL = YES;
				SWIFT_VERSION = 5.0;
				TARGETED_DEVICE_FAMILY = "1,2";
			};
			name = Release;
		};
/* End XCBuildConfiguration section */

/* Begin XCConfigurationList section */
		3A500BFA2356E41600AB5F04 /* Build configuration list for PBXProject "ToastQueue" */ = {
			isa = XCConfigurationList;
			buildConfigurations = (
				3A500C062356E41600AB5F04 /* Debug */,
				3A500C072356E41600AB5F04 /* Release */,
			);
			defaultConfigurationIsVisible = 0;
			defaultConfigurationName = Release;
		};
		3A500C082356E41600AB5F04 /* Build configuration list for PBXNativeTarget "ToastQueue" */ = {
			isa = XCConfigurationList;
			buildConfigurations = (
				3A500C092356E41600AB5F04 /* Debug */,
				3A500C0A2356E41600AB5F04 /* Release */,
			);
			defaultConfigurationIsVisible = 0;
			defaultConfigurationName = Release;
		};
/* End XCConfigurationList section */
	};
	rootObject = 3A500BF72356E41600AB5F04 /* Project object */;
}
